<?xml version="1.0" encoding="utf-8"?>
<Project ToolsVersion="4.0" xmlns="http://schemas.microsoft.com/developer/msbuild/2003">
  <ItemGroup>
    <Filter Include="Source Files">
      <UniqueIdentifier>{4FC737F1-C7A5-4376-A066-2A32D752A2FF}</UniqueIdentifier>
      <Extensions>cpp;c;cc;cxx;def;odl;idl;hpj;bat;asm;asmx</Extensions>
    </Filter>
    <Filter Include="Header Files">
      <UniqueIdentifier>{93995380-89BD-4b04-88EB-625FBE52EBFB}</UniqueIdentifier>
      <Extensions>h;hh;hpp;hxx;hm;inl;inc;xsd</Extensions>
    </Filter>
    <Filter Include="Resource Files">
      <UniqueIdentifier>{67DA6AB6-F800-4c08-8B7A-83BB121AAD01}</UniqueIdentifier>
      <Extensions>rc;ico;cur;bmp;dlg;rc2;rct;bin;rgs;gif;jpg;jpeg;jpe;resx;tiff;tif;png;wav;mfcribbon-ms</Extensions>
    </Filter>
    <Filter Include="Source Files\apps">
      <UniqueIdentifier>{71715609-60b8-4dee-896a-6c46d33e84b0}</UniqueIdentifier>
    </Filter>
  </ItemGroup>
  <ItemGroup>
    <ClCompile Include="src\args.cpp">
      <Filter>Source Files</Filter>
    </ClCompile>
    <ClCompile Include="src\assembly.cpp">
      <Filter>Source Files</Filter>
    </ClCompile>
    <ClCompile Include="src\autopicker.cpp">
      <Filter>Source Files</Filter>
    </ClCompile>
    <ClCompile Include="src\autopicker_mpi.cpp">
      <Filter>Source Files</Filter>
    </ClCompile>
    <ClCompile Include="src\backprojector.cpp">
      <Filter>Source Files</Filter>
    </ClCompile>
    <ClCompile Include="src\complex.cpp">
      <Filter>Source Files</Filter>
    </ClCompile>
    <ClCompile Include="src\ctf.cpp">
      <Filter>Source Files</Filter>
    </ClCompile>
    <ClCompile Include="src\ctffind_runner.cpp">
      <Filter>Source Files</Filter>
    </ClCompile>
    <ClCompile Include="src\ctffind_runner_mpi.cpp">
      <Filter>Source Files</Filter>
    </ClCompile>
    <ClCompile Include="src\displayer.cpp">
      <Filter>Source Files</Filter>
    </ClCompile>
    <ClCompile Include="src\error.cpp">
      <Filter>Source Files</Filter>
    </ClCompile>
    <ClCompile Include="src\euler.cpp">
      <Filter>Source Files</Filter>
    </ClCompile>
    <ClCompile Include="src\exp_model.cpp">
      <Filter>Source Files</Filter>
    </ClCompile>
    <ClCompile Include="src\fftw.cpp">
      <Filter>Source Files</Filter>
    </ClCompile>
    <ClCompile Include="src\filename.cpp">
      <Filter>Source Files</Filter>
    </ClCompile>
    <ClCompile Include="src\funcs.cpp">
      <Filter>Source Files</Filter>
    </ClCompile>
    <ClCompile Include="src\gui_entries.cpp">
      <Filter>Source Files</Filter>
    </ClCompile>
    <ClCompile Include="src\gui_jobwindow.cpp">
      <Filter>Source Files</Filter>
    </ClCompile>
    <ClCompile Include="src\gui_mainwindow.cpp">
      <Filter>Source Files</Filter>
    </ClCompile>
    <ClCompile Include="src\healpix_sampling.cpp">
      <Filter>Source Files</Filter>
    </ClCompile>
    <ClCompile Include="src\image.cpp">
      <Filter>Source Files</Filter>
    </ClCompile>
    <ClCompile Include="src\manualpicker.cpp">
      <Filter>Source Files</Filter>
    </ClCompile>
    <ClCompile Include="src\mask.cpp">
      <Filter>Source Files</Filter>
    </ClCompile>
    <ClCompile Include="src\matrix1d.cpp">
      <Filter>Source Files</Filter>
    </ClCompile>
    <ClCompile Include="src\matrix2d.cpp">
      <Filter>Source Files</Filter>
    </ClCompile>
    <ClCompile Include="src\memory.cpp">
      <Filter>Source Files</Filter>
    </ClCompile>
    <ClCompile Include="src\metadata_container.cpp">
      <Filter>Source Files</Filter>
    </ClCompile>
    <ClCompile Include="src\metadata_label.cpp">
      <Filter>Source Files</Filter>
    </ClCompile>
    <ClCompile Include="src\metadata_table.cpp">
      <Filter>Source Files</Filter>
    </ClCompile>
    <ClCompile Include="src\ml_model.cpp">
      <Filter>Source Files</Filter>
    </ClCompile>
    <ClCompile Include="src\ml_optimiser.cpp">
      <Filter>Source Files</Filter>
    </ClCompile>
    <ClCompile Include="src\ml_optimiser_mpi.cpp">
      <Filter>Source Files</Filter>
    </ClCompile>
    <ClCompile Include="src\mpi.cpp">
      <Filter>Source Files</Filter>
    </ClCompile>
    <ClCompile Include="src\multidim_array.cpp">
      <Filter>Source Files</Filter>
    </ClCompile>
    <ClCompile Include="src\numerical_recipes.cpp">
      <Filter>Source Files</Filter>
    </ClCompile>
    <ClCompile Include="src\parallel.cpp">
      <Filter>Source Files</Filter>
    </ClCompile>
    <ClCompile Include="src\particle_polisher.cpp">
      <Filter>Source Files</Filter>
    </ClCompile>
    <ClCompile Include="src\particle_polisher_mpi.cpp">
      <Filter>Source Files</Filter>
    </ClCompile>
    <ClCompile Include="src\particle_sorter.cpp">
      <Filter>Source Files</Filter>
    </ClCompile>
    <ClCompile Include="src\particle_sorter_mpi.cpp">
      <Filter>Source Files</Filter>
    </ClCompile>
    <ClCompile Include="src\postprocessing.cpp">
      <Filter>Source Files</Filter>
    </ClCompile>
    <ClCompile Include="src\preprocessing.cpp">
      <Filter>Source Files</Filter>
    </ClCompile>
    <ClCompile Include="src\preprocessing_mpi.cpp">
      <Filter>Source Files</Filter>
    </ClCompile>
    <ClCompile Include="src\projector.cpp">
      <Filter>Source Files</Filter>
    </ClCompile>
    <ClCompile Include="src\strings.cpp">
      <Filter>Source Files</Filter>
    </ClCompile>
    <ClCompile Include="src\symmetries.cpp">
      <Filter>Source Files</Filter>
    </ClCompile>
    <ClCompile Include="src\tabfuncs.cpp">
      <Filter>Source Files</Filter>
    </ClCompile>
    <ClCompile Include="src\time.cpp">
      <Filter>Source Files</Filter>
    </ClCompile>
    <ClCompile Include="src\transformations.cpp">
      <Filter>Source Files</Filter>
    </ClCompile>
    <ClCompile Include="src\apps\autopick.cpp">
      <Filter>Source Files\apps</Filter>
    </ClCompile>
    <ClCompile Include="src\apps\autopick_mpi.cpp">
      <Filter>Source Files\apps</Filter>
    </ClCompile>
    <ClCompile Include="src\apps\display.cpp">
      <Filter>Source Files\apps</Filter>
    </ClCompile>
    <ClCompile Include="src\apps\find_tiltpairs.cpp">
      <Filter>Source Files\apps</Filter>
    </ClCompile>
    <ClCompile Include="src\apps\image_handler.cpp">
      <Filter>Source Files\apps</Filter>
    </ClCompile>
    <ClCompile Include="src\apps\maingui.cpp">
      <Filter>Source Files\apps</Filter>
    </ClCompile>
    <ClCompile Include="src\apps\manualpick.cpp">
      <Filter>Source Files\apps</Filter>
    </ClCompile>
    <ClCompile Include="src\apps\mask_create.cpp">
      <Filter>Source Files\apps</Filter>
    </ClCompile>
    <ClCompile Include="src\apps\particle_polish.cpp">
      <Filter>Source Files\apps</Filter>
    </ClCompile>
    <ClCompile Include="src\apps\particle_polish_mpi.cpp">
      <Filter>Source Files\apps</Filter>
    </ClCompile>
    <ClCompile Include="src\apps\particle_sort.cpp">
      <Filter>Source Files\apps</Filter>
    </ClCompile>
    <ClCompile Include="src\apps\particle_sort_mpi.cpp">
      <Filter>Source Files\apps</Filter>
    </ClCompile>
    <ClCompile Include="src\apps\postprocess.cpp">
      <Filter>Source Files\apps</Filter>
    </ClCompile>
    <ClCompile Include="src\apps\preprocess.cpp">
      <Filter>Source Files\apps</Filter>
    </ClCompile>
    <ClCompile Include="src\apps\preprocess_mpi.cpp">
      <Filter>Source Files\apps</Filter>
    </ClCompile>
    <ClCompile Include="src\apps\project.cpp">
      <Filter>Source Files\apps</Filter>
    </ClCompile>
    <ClCompile Include="src\apps\reconstruct.cpp">
      <Filter>Source Files\apps</Filter>
    </ClCompile>
    <ClCompile Include="src\apps\refine.cpp">
      <Filter>Source Files\apps</Filter>
    </ClCompile>
    <ClCompile Include="src\apps\refine_mpi.cpp">
      <Filter>Source Files\apps</Filter>
    </ClCompile>
    <ClCompile Include="src\apps\run_ctffind.cpp">
      <Filter>Source Files\apps</Filter>
    </ClCompile>
    <ClCompile Include="src\apps\run_ctffind_mpi.cpp">
      <Filter>Source Files\apps</Filter>
    </ClCompile>
    <ClCompile Include="src\apps\stack_create.cpp">
      <Filter>Source Files\apps</Filter>
    </ClCompile>
    <ClCompile Include="src\apps\star_compare.cpp">
      <Filter>Source Files\apps</Filter>
    </ClCompile>
    <ClCompile Include="src\apps\tiltpair_plot.cpp">
      <Filter>Source Files\apps</Filter>
    </ClCompile>
  </ItemGroup>
  <ItemGroup>
    <ClInclude Include="src\args.h">
      <Filter>Header Files</Filter>
    </ClInclude>
    <ClInclude Include="src\assembly.h">
      <Filter>Header Files</Filter>
    </ClInclude>
    <ClInclude Include="src\autopicker.h">
      <Filter>Header Files</Filter>
    </ClInclude>
    <ClInclude Include="src\autopicker_mpi.h">
      <Filter>Header Files</Filter>
    </ClInclude>
    <ClInclude Include="src\backprojector.h">
      <Filter>Header Files</Filter>
    </ClInclude>
    <ClInclude Include="src\complex.h">
      <Filter>Header Files</Filter>
    </ClInclude>
    <ClInclude Include="src\ctf.h">
      <Filter>Header Files</Filter>
    </ClInclude>
    <ClInclude Include="src\ctffind_runner.h">
      <Filter>Header Files</Filter>
    </ClInclude>
    <ClInclude Include="src\ctffind_runner_mpi.h">
      <Filter>Header Files</Filter>
    </ClInclude>
    <ClInclude Include="src\displayer.h">
      <Filter>Header Files</Filter>
    </ClInclude>
    <ClInclude Include="src\error.h">
      <Filter>Header Files</Filter>
    </ClInclude>
    <ClInclude Include="src\euler.h">
      <Filter>Header Files</Filter>
    </ClInclude>
    <ClInclude Include="src\exp_model.h">
      <Filter>Header Files</Filter>
    </ClInclude>
    <ClInclude Include="src\fftw.h">
      <Filter>Header Files</Filter>
    </ClInclude>
    <ClInclude Include="src\filename.h">
      <Filter>Header Files</Filter>
    </ClInclude>
    <ClInclude Include="src\funcs.h">
      <Filter>Header Files</Filter>
    </ClInclude>
    <ClInclude Include="src\gcc_version.h">
      <Filter>Header Files</Filter>
    </ClInclude>
    <ClInclude Include="src\gui_entries.h">
      <Filter>Header Files</Filter>
    </ClInclude>
    <ClInclude Include="src\gui_jobwindow.h">
      <Filter>Header Files</Filter>
    </ClInclude>
    <ClInclude Include="src\gui_mainwindow.h">
      <Filter>Header Files</Filter>
    </ClInclude>
    <ClInclude Include="src\healpix_sampling.h">
      <Filter>Header Files</Filter>
    </ClInclude>
    <ClInclude Include="src\image.h">
      <Filter>Header Files</Filter>
    </ClInclude>
    <ClInclude Include="src\macros.h">
      <Filter>Header Files</Filter>
    </ClInclude>
    <ClInclude Include="src\manualpicker.h">
      <Filter>Header Files</Filter>
    </ClInclude>
    <ClInclude Include="src\mask.h">
      <Filter>Header Files</Filter>
    </ClInclude>
    <ClInclude Include="src\matrix1d.h">
      <Filter>Header Files</Filter>
    </ClInclude>
    <ClInclude Include="src\matrix2d.h">
      <Filter>Header Files</Filter>
    </ClInclude>
    <ClInclude Include="src\memory.h">
      <Filter>Header Files</Filter>
    </ClInclude>
    <ClInclude Include="src\metadata_container.h">
      <Filter>Header Files</Filter>
    </ClInclude>
    <ClInclude Include="src\metadata_label.h">
      <Filter>Header Files</Filter>
    </ClInclude>
    <ClInclude Include="src\metadata_table.h">
      <Filter>Header Files</Filter>
    </ClInclude>
    <ClInclude Include="src\ml_model.h">
      <Filter>Header Files</Filter>
    </ClInclude>
    <ClInclude Include="src\ml_optimiser.h">
      <Filter>Header Files</Filter>
    </ClInclude>
    <ClInclude Include="src\ml_optimiser_mpi.h">
      <Filter>Header Files</Filter>
    </ClInclude>
    <ClInclude Include="src\mpi.h">
      <Filter>Header Files</Filter>
    </ClInclude>
    <ClInclude Include="src\numerical_recipes.h">
      <Filter>Header Files</Filter>
    </ClInclude>
    <ClInclude Include="src\parallel.h">
      <Filter>Header Files</Filter>
    </ClInclude>
    <ClInclude Include="src\particle_polisher.h">
      <Filter>Header Files</Filter>
    </ClInclude>
    <ClInclude Include="src\particle_polisher_mpi.h">
      <Filter>Header Files</Filter>
    </ClInclude>
    <ClInclude Include="src\particle_sorter.h">
      <Filter>Header Files</Filter>
    </ClInclude>
    <ClInclude Include="src\particle_sorter_mpi.h">
      <Filter>Header Files</Filter>
    </ClInclude>
    <ClInclude Include="src\postprocessing.h">
      <Filter>Header Files</Filter>
    </ClInclude>
    <ClInclude Include="src\preprocessing.h">
      <Filter>Header Files</Filter>
    </ClInclude>
    <ClInclude Include="src\preprocessing_mpi.h">
      <Filter>Header Files</Filter>
    </ClInclude>
    <ClInclude Include="src\projector.h">
      <Filter>Header Files</Filter>
    </ClInclude>
    <ClInclude Include="src\rwIMAGIC.h">
      <Filter>Header Files</Filter>
    </ClInclude>
    <ClInclude Include="src\rwMRC.h">
      <Filter>Header Files</Filter>
    </ClInclude>
    <ClInclude Include="src\rwSPIDER.h">
      <Filter>Header Files</Filter>
    </ClInclude>
    <ClInclude Include="src\strings.h">
      <Filter>Header Files</Filter>
    </ClInclude>
    <ClInclude Include="src\symmetries.h">
      <Filter>Header Files</Filter>
    </ClInclude>
    <ClInclude Include="src\tabfuncs.h">
      <Filter>Header Files</Filter>
    </ClInclude>
    <ClInclude Include="src\time.h">
      <Filter>Header Files</Filter>
    </ClInclude>
    <ClInclude Include="src\transformations.h">
      <Filter>Header Files</Filter>
    </ClInclude>
    <ClInclude Include="src\multidim_array.h">
      <Filter>Header Files</Filter>
    </ClInclude>
    <ClInclude Include="src\avx_helper.h">
      <Filter>Header Files</Filter>
    </ClInclude>
  </ItemGroup>
</Project>